
Microsoft Visual Studio Solution File, Format Version 12.00
# Visual Studio Version 17
VisualStudioVersion = 17.12.35707.178 d17.12
MinimumVisualStudioVersion = 10.0.40219.1
Project("{FAE04EC0-301F-11D3-BF4B-00C04F79EFBC}") = "lmstudio_client", "lmstudio_client\lmstudio_client\lmstudio_client.csproj", "{7FCC3EDF-EEFF-4951-821D-04BF8D4CECB8}"
EndProject
Project("{FAE04EC0-301F-11D3-BF4B-00C04F79EFBC}") = "lmstudio_client.Client", "lmstudio_client\lmstudio_client.Client\lmstudio_client.Client.csproj", "{F97B807D-6FE0-4931-AE89-1CDA3B820150}"
EndProject
Global
	GlobalSection(SolutionConfigurationPlatforms) = preSolution
		Debug|Any CPU = Debug|Any CPU
		Release|Any CPU = Release|Any CPU
	EndGlobalSection
	GlobalSection(ProjectConfigurationPlatforms) = postSolution
		{7FCC3EDF-EEFF-4951-821D-04BF8D4CECB8}.Debug|Any CPU.ActiveCfg = Debug|Any CPU
		{7FCC3EDF-EEFF-4951-821D-04BF8D4CECB8}.Debug|Any CPU.Build.0 = Debug|Any CPU
		{7FCC3EDF-EEFF-4951-821D-04BF8D4CECB8}.Release|Any CPU.ActiveCfg = Release|Any CPU
		{7FCC3EDF-EEFF-4951-821D-04BF8D4CECB8}.Release|Any CPU.Build.0 = Release|Any CPU
		{F97B807D-6FE0-4931-AE89-1CDA3B820150}.Debug|Any CPU.ActiveCfg = Debug|Any CPU
		{F97B807D-6FE0-4931-AE89-1CDA3B820150}.Debug|Any CPU.Build.0 = Debug|Any CPU
		{F97B807D-6FE0-4931-AE89-1CDA3B820150}.Release|Any CPU.ActiveCfg = Release|Any CPU
		{F97B807D-6FE0-4931-AE89-1CDA3B820150}.Release|Any CPU.Build.0 = Release|Any CPU
	EndGlobalSection
	GlobalSection(SolutionProperties) = preSolution
		HideSolutionNode = FALSE
	EndGlobalSection
EndGlobal
